
Microsoft Visual Studio Solution File, Format Version 12.00
# Visual Studio Version 17
VisualStudioVersion = 17.0.31903.59
MinimumVisualStudioVersion = 10.0.40219.1
Project("{2150E333-8FDC-42A3-9474-1A3956D46DE8}") = "src", "src", "{827E0CD3-B72D-47B6-A68D-7590B98EB39B}"
EndProject
Project("{FAE04EC0-301F-11D3-BF4B-00C04F79EFBC}") = "NimBus.Adapters.Dataverse.Contracts", "src\NimBus.Adapters.Dataverse.Contracts\NimBus.Adapters.Dataverse.Contracts.csproj", "{68D7AABC-C372-419B-975E-2379A5EEDC4E}"
EndProject
Project("{FAE04EC0-301F-11D3-BF4B-00C04F79EFBC}") = "NimBus.Abstractions", "..\..\src\NimBus.Abstractions\NimBus.Abstractions.csproj", "{4EBF10CA-05D9-433B-AE3B-B4E04A83D060}"
EndProject
Project("{FAE04EC0-301F-11D3-BF4B-00C04F79EFBC}") = "NimBus.Adapters.Dataverse", "src\NimBus.Adapters.Dataverse\NimBus.Adapters.Dataverse.csproj", "{4530906A-CFBA-4C1A-AC7D-B3525974C020}"
EndProject
Project("{FAE04EC0-301F-11D3-BF4B-00C04F79EFBC}") = "NimBus.SDK", "..\..\src\NimBus.SDK\NimBus.SDK.csproj", "{31924176-C7C8-468D-81BD-DF9DE8EDFD08}"
EndProject
Project("{FAE04EC0-301F-11D3-BF4B-00C04F79EFBC}") = "NimBus.ServiceBus", "..\..\src\NimBus.ServiceBus\NimBus.ServiceBus.csproj", "{FF841354-79C8-490B-9621-165E77929610}"
EndProject
Project("{FAE04EC0-301F-11D3-BF4B-00C04F79EFBC}") = "NimBus.Core", "..\..\src\NimBus.Core\NimBus.Core.csproj", "{D817FD5C-B864-4225-9906-D033B3991E13}"
EndProject
Project("{FAE04EC0-301F-11D3-BF4B-00C04F79EFBC}") = "NimBus.OpenTelemetry", "..\..\src\NimBus.OpenTelemetry\NimBus.OpenTelemetry.csproj", "{1A8678BB-3543-4AE3-A0C3-5228DFD6974B}"
EndProject
Project("{FAE04EC0-301F-11D3-BF4B-00C04F79EFBC}") = "NimBus.MessageStore.Abstractions", "..\..\src\NimBus.MessageStore.Abstractions\NimBus.MessageStore.Abstractions.csproj", "{0E0B70B2-5E9D-46AD-AF49-E72B21704623}"
EndProject
Project("{FAE04EC0-301F-11D3-BF4B-00C04F79EFBC}") = "NimBus.Adapters.Dataverse.Functions", "src\NimBus.Adapters.Dataverse.Functions\NimBus.Adapters.Dataverse.Functions.csproj", "{942E39EC-2DFC-45EA-96D1-AFA207F28101}"
EndProject
Project("{2150E333-8FDC-42A3-9474-1A3956D46DE8}") = "tests", "tests", "{0AB3BF05-4346-4AA6-1389-037BE0695223}"
EndProject
Project("{FAE04EC0-301F-11D3-BF4B-00C04F79EFBC}") = "NimBus.Adapters.Dataverse.Tests", "tests\NimBus.Adapters.Dataverse.Tests\NimBus.Adapters.Dataverse.Tests.csproj", "{FC84F0F9-2648-4C77-B577-2A2A175F456D}"
EndProject
Global
	GlobalSection(SolutionConfigurationPlatforms) = preSolution
		Debug|Any CPU = Debug|Any CPU
		Debug|x64 = Debug|x64
		Debug|x86 = Debug|x86
		Release|Any CPU = Release|Any CPU
		Release|x64 = Release|x64
		Release|x86 = Release|x86
	EndGlobalSection
	GlobalSection(ProjectConfigurationPlatforms) = postSolution
		{68D7AABC-C372-419B-975E-2379A5EEDC4E}.Debug|Any CPU.ActiveCfg = Debug|Any CPU
		{68D7AABC-C372-419B-975E-2379A5EEDC4E}.Debug|Any CPU.Build.0 = Debug|Any CPU
		{68D7AABC-C372-419B-975E-2379A5EEDC4E}.Debug|x64.ActiveCfg = Debug|Any CPU
		{68D7AABC-C372-419B-975E-2379A5EEDC4E}.Debug|x64.Build.0 = Debug|Any CPU
		{68D7AABC-C372-419B-975E-2379A5EEDC4E}.Debug|x86.ActiveCfg = Debug|Any CPU
		{68D7AABC-C372-419B-975E-2379A5EEDC4E}.Debug|x86.Build.0 = Debug|Any CPU
		{68D7AABC-C372-419B-975E-2379A5EEDC4E}.Release|Any CPU.ActiveCfg = Release|Any CPU
		{68D7AABC-C372-419B-975E-2379A5EEDC4E}.Release|Any CPU.Build.0 = Release|Any CPU
		{68D7AABC-C372-419B-975E-2379A5EEDC4E}.Release|x64.ActiveCfg = Release|Any CPU
		{68D7AABC-C372-419B-975E-2379A5EEDC4E}.Release|x64.Build.0 = Release|Any CPU
		{68D7AABC-C372-419B-975E-2379A5EEDC4E}.Release|x86.ActiveCfg = Release|Any CPU
		{68D7AABC-C372-419B-975E-2379A5EEDC4E}.Release|x86.Build.0 = Release|Any CPU
		{4EBF10CA-05D9-433B-AE3B-B4E04A83D060}.Debug|Any CPU.ActiveCfg = Debug|Any CPU
		{4EBF10CA-05D9-433B-AE3B-B4E04A83D060}.Debug|Any CPU.Build.0 = Debug|Any CPU
		{4EBF10CA-05D9-433B-AE3B-B4E04A83D060}.Debug|x64.ActiveCfg = Debug|Any CPU
		{4EBF10CA-05D9-433B-AE3B-B4E04A83D060}.Debug|x64.Build.0 = Debug|Any CPU
		{4EBF10CA-05D9-433B-AE3B-B4E04A83D060}.Debug|x86.ActiveCfg = Debug|Any CPU
		{4EBF10CA-05D9-433B-AE3B-B4E04A83D060}.Debug|x86.Build.0 = Debug|Any CPU
		{4EBF10CA-05D9-433B-AE3B-B4E04A83D060}.Release|Any CPU.ActiveCfg = Release|Any CPU
		{4EBF10CA-05D9-433B-AE3B-B4E04A83D060}.Release|Any CPU.Build.0 = Release|Any CPU
		{4EBF10CA-05D9-433B-AE3B-B4E04A83D060}.Release|x64.ActiveCfg = Release|Any CPU
		{4EBF10CA-05D9-433B-AE3B-B4E04A83D060}.Release|x64.Build.0 = Release|Any CPU
		{4EBF10CA-05D9-433B-AE3B-B4E04A83D060}.Release|x86.ActiveCfg = Release|Any CPU
		{4EBF10CA-05D9-433B-AE3B-B4E04A83D060}.Release|x86.Build.0 = Release|Any CPU
		{4530906A-CFBA-4C1A-AC7D-B3525974C020}.Debug|Any CPU.ActiveCfg = Debug|Any CPU
		{4530906A-CFBA-4C1A-AC7D-B3525974C020}.Debug|Any CPU.Build.0 = Debug|Any CPU
		{4530906A-CFBA-4C1A-AC7D-B3525974C020}.Debug|x64.ActiveCfg = Debug|Any CPU
		{4530906A-CFBA-4C1A-AC7D-B3525974C020}.Debug|x64.Build.0 = Debug|Any CPU
		{4530906A-CFBA-4C1A-AC7D-B3525974C020}.Debug|x86.ActiveCfg = Debug|Any CPU
		{4530906A-CFBA-4C1A-AC7D-B3525974C020}.Debug|x86.Build.0 = Debug|Any CPU
		{4530906A-CFBA-4C1A-AC7D-B3525974C020}.Release|Any CPU.ActiveCfg = Release|Any CPU
		{4530906A-CFBA-4C1A-AC7D-B3525974C020}.Release|Any CPU.Build.0 = Release|Any CPU
		{4530906A-CFBA-4C1A-AC7D-B3525974C020}.Release|x64.ActiveCfg = Release|Any CPU
		{4530906A-CFBA-4C1A-AC7D-B3525974C020}.Release|x64.Build.0 = Release|Any CPU
		{4530906A-CFBA-4C1A-AC7D-B3525974C020}.Release|x86.ActiveCfg = Release|Any CPU
		{4530906A-CFBA-4C1A-AC7D-B3525974C020}.Release|x86.Build.0 = Release|Any CPU
		{31924176-C7C8-468D-81BD-DF9DE8EDFD08}.Debug|Any CPU.ActiveCfg = Debug|Any CPU
		{31924176-C7C8-468D-81BD-DF9DE8EDFD08}.Debug|Any CPU.Build.0 = Debug|Any CPU
		{31924176-C7C8-468D-81BD-DF9DE8EDFD08}.Debug|x64.ActiveCfg = Debug|Any CPU
		{31924176-C7C8-468D-81BD-DF9DE8EDFD08}.Debug|x64.Build.0 = Debug|Any CPU
		{31924176-C7C8-468D-81BD-DF9DE8EDFD08}.Debug|x86.ActiveCfg = Debug|Any CPU
		{31924176-C7C8-468D-81BD-DF9DE8EDFD08}.Debug|x86.Build.0 = Debug|Any CPU
		{31924176-C7C8-468D-81BD-DF9DE8EDFD08}.Release|Any CPU.ActiveCfg = Release|Any CPU
		{31924176-C7C8-468D-81BD-DF9DE8EDFD08}.Release|Any CPU.Build.0 = Release|Any CPU
		{31924176-C7C8-468D-81BD-DF9DE8EDFD08}.Release|x64.ActiveCfg = Release|Any CPU
		{31924176-C7C8-468D-81BD-DF9DE8EDFD08}.Release|x64.Build.0 = Release|Any CPU
		{31924176-C7C8-468D-81BD-DF9DE8EDFD08}.Release|x86.ActiveCfg = Release|Any CPU
		{31924176-C7C8-468D-81BD-DF9DE8EDFD08}.Release|x86.Build.0 = Release|Any CPU
		{FF841354-79C8-490B-9621-165E77929610}.Debug|Any CPU.ActiveCfg = Debug|Any CPU
		{FF841354-79C8-490B-9621-165E77929610}.Debug|Any CPU.Build.0 = Debug|Any CPU
		{FF841354-79C8-490B-9621-165E77929610}.Debug|x64.ActiveCfg = Debug|Any CPU
		{FF841354-79C8-490B-9621-165E77929610}.Debug|x64.Build.0 = Debug|Any CPU
		{FF841354-79C8-490B-9621-165E77929610}.Debug|x86.ActiveCfg = Debug|Any CPU
		{FF841354-79C8-490B-9621-165E77929610}.Debug|x86.Build.0 = Debug|Any CPU
		{FF841354-79C8-490B-9621-165E77929610}.Release|Any CPU.ActiveCfg = Release|Any CPU
		{FF841354-79C8-490B-9621-165E77929610}.Release|Any CPU.Build.0 = Release|Any CPU
		{FF841354-79C8-490B-9621-165E77929610}.Release|x64.ActiveCfg = Release|Any CPU
		{FF841354-79C8-490B-9621-165E77929610}.Release|x64.Build.0 = Release|Any CPU
		{FF841354-79C8-490B-9621-165E77929610}.Release|x86.ActiveCfg = Release|Any CPU
		{FF841354-79C8-490B-9621-165E77929610}.Release|x86.Build.0 = Release|Any CPU
		{D817FD5C-B864-4225-9906-D033B3991E13}.Debug|Any CPU.ActiveCfg = Debug|Any CPU
		{D817FD5C-B864-4225-9906-D033B3991E13}.Debug|Any CPU.Build.0 = Debug|Any CPU
		{D817FD5C-B864-4225-9906-D033B3991E13}.Debug|x64.ActiveCfg = Debug|Any CPU
		{D817FD5C-B864-4225-9906-D033B3991E13}.Debug|x64.Build.0 = Debug|Any CPU
		{D817FD5C-B864-4225-9906-D033B3991E13}.Debug|x86.ActiveCfg = Debug|Any CPU
		{D817FD5C-B864-4225-9906-D033B3991E13}.Debug|x86.Build.0 = Debug|Any CPU
		{D817FD5C-B864-4225-9906-D033B3991E13}.Release|Any CPU.ActiveCfg = Release|Any CPU
		{D817FD5C-B864-4225-9906-D033B3991E13}.Release|Any CPU.Build.0 = Release|Any CPU
		{D817FD5C-B864-4225-9906-D033B3991E13}.Release|x64.ActiveCfg = Release|Any CPU
		{D817FD5C-B864-4225-9906-D033B3991E13}.Release|x64.Build.0 = Release|Any CPU
		{D817FD5C-B864-4225-9906-D033B3991E13}.Release|x86.ActiveCfg = Release|Any CPU
		{D817FD5C-B864-4225-9906-D033B3991E13}.Release|x86.Build.0 = Release|Any CPU
		{1A8678BB-3543-4AE3-A0C3-5228DFD6974B}.Debug|Any CPU.ActiveCfg = Debug|Any CPU
		{1A8678BB-3543-4AE3-A0C3-5228DFD6974B}.Debug|Any CPU.Build.0 = Debug|Any CPU
		{1A8678BB-3543-4AE3-A0C3-5228DFD6974B}.Debug|x64.ActiveCfg = Debug|Any CPU
		{1A8678BB-3543-4AE3-A0C3-5228DFD6974B}.Debug|x64.Build.0 = Debug|Any CPU
		{1A8678BB-3543-4AE3-A0C3-5228DFD6974B}.Debug|x86.ActiveCfg = Debug|Any CPU
		{1A8678BB-3543-4AE3-A0C3-5228DFD6974B}.Debug|x86.Build.0 = Debug|Any CPU
		{1A8678BB-3543-4AE3-A0C3-5228DFD6974B}.Release|Any CPU.ActiveCfg = Release|Any CPU
		{1A8678BB-3543-4AE3-A0C3-5228DFD6974B}.Release|Any CPU.Build.0 = Release|Any CPU
		{1A8678BB-3543-4AE3-A0C3-5228DFD6974B}.Release|x64.ActiveCfg = Release|Any CPU
		{1A8678BB-3543-4AE3-A0C3-5228DFD6974B}.Release|x64.Build.0 = Release|Any CPU
		{1A8678BB-3543-4AE3-A0C3-5228DFD6974B}.Release|x86.ActiveCfg = Release|Any CPU
		{1A8678BB-3543-4AE3-A0C3-5228DFD6974B}.Release|x86.Build.0 = Release|Any CPU
		{0E0B70B2-5E9D-46AD-AF49-E72B21704623}.Debug|Any CPU.ActiveCfg = Debug|Any CPU
		{0E0B70B2-5E9D-46AD-AF49-E72B21704623}.Debug|Any CPU.Build.0 = Debug|Any CPU
		{0E0B70B2-5E9D-46AD-AF49-E72B21704623}.Debug|x64.ActiveCfg = Debug|Any CPU
		{0E0B70B2-5E9D-46AD-AF49-E72B21704623}.Debug|x64.Build.0 = Debug|Any CPU
		{0E0B70B2-5E9D-46AD-AF49-E72B21704623}.Debug|x86.ActiveCfg = Debug|Any CPU
		{0E0B70B2-5E9D-46AD-AF49-E72B21704623}.Debug|x86.Build.0 = Debug|Any CPU
		{0E0B70B2-5E9D-46AD-AF49-E72B21704623}.Release|Any CPU.ActiveCfg = Release|Any CPU
		{0E0B70B2-5E9D-46AD-AF49-E72B21704623}.Release|Any CPU.Build.0 = Release|Any CPU
		{0E0B70B2-5E9D-46AD-AF49-E72B21704623}.Release|x64.ActiveCfg = Release|Any CPU
		{0E0B70B2-5E9D-46AD-AF49-E72B21704623}.Release|x64.Build.0 = Release|Any CPU
		{0E0B70B2-5E9D-46AD-AF49-E72B21704623}.Release|x86.ActiveCfg = Release|Any CPU
		{0E0B70B2-5E9D-46AD-AF49-E72B21704623}.Release|x86.Build.0 = Release|Any CPU
		{942E39EC-2DFC-45EA-96D1-AFA207F28101}.Debug|Any CPU.ActiveCfg = Debug|Any CPU
		{942E39EC-2DFC-45EA-96D1-AFA207F28101}.Debug|Any CPU.Build.0 = Debug|Any CPU
		{942E39EC-2DFC-45EA-96D1-AFA207F28101}.Debug|x64.ActiveCfg = Debug|Any CPU
		{942E39EC-2DFC-45EA-96D1-AFA207F28101}.Debug|x64.Build.0 = Debug|Any CPU
		{942E39EC-2DFC-45EA-96D1-AFA207F28101}.Debug|x86.ActiveCfg = Debug|Any CPU
		{942E39EC-2DFC-45EA-96D1-AFA207F28101}.Debug|x86.Build.0 = Debug|Any CPU
		{942E39EC-2DFC-45EA-96D1-AFA207F28101}.Release|Any CPU.ActiveCfg = Release|Any CPU
		{942E39EC-2DFC-45EA-96D1-AFA207F28101}.Release|Any CPU.Build.0 = Release|Any CPU
		{942E39EC-2DFC-45EA-96D1-AFA207F28101}.Release|x64.ActiveCfg = Release|Any CPU
		{942E39EC-2DFC-45EA-96D1-AFA207F28101}.Release|x64.Build.0 = Release|Any CPU
		{942E39EC-2DFC-45EA-96D1-AFA207F28101}.Release|x86.ActiveCfg = Release|Any CPU
		{942E39EC-2DFC-45EA-96D1-AFA207F28101}.Release|x86.Build.0 = Release|Any CPU
		{FC84F0F9-2648-4C77-B577-2A2A175F456D}.Debug|Any CPU.ActiveCfg = Debug|Any CPU
		{FC84F0F9-2648-4C77-B577-2A2A175F456D}.Debug|Any CPU.Build.0 = Debug|Any CPU
		{FC84F0F9-2648-4C77-B577-2A2A175F456D}.Debug|x64.ActiveCfg = Debug|Any CPU
		{FC84F0F9-2648-4C77-B577-2A2A175F456D}.Debug|x64.Build.0 = Debug|Any CPU
		{FC84F0F9-2648-4C77-B577-2A2A175F456D}.Debug|x86.ActiveCfg = Debug|Any CPU
		{FC84F0F9-2648-4C77-B577-2A2A175F456D}.Debug|x86.Build.0 = Debug|Any CPU
		{FC84F0F9-2648-4C77-B577-2A2A175F456D}.Release|Any CPU.ActiveCfg = Release|Any CPU
		{FC84F0F9-2648-4C77-B577-2A2A175F456D}.Release|Any CPU.Build.0 = Release|Any CPU
		{FC84F0F9-2648-4C77-B577-2A2A175F456D}.Release|x64.ActiveCfg = Release|Any CPU
		{FC84F0F9-2648-4C77-B577-2A2A175F456D}.Release|x64.Build.0 = Release|Any CPU
		{FC84F0F9-2648-4C77-B577-2A2A175F456D}.Release|x86.ActiveCfg = Release|Any CPU
		{FC84F0F9-2648-4C77-B577-2A2A175F456D}.Release|x86.Build.0 = Release|Any CPU
	EndGlobalSection
	GlobalSection(SolutionProperties) = preSolution
		HideSolutionNode = FALSE
	EndGlobalSection
	GlobalSection(NestedProjects) = preSolution
		{68D7AABC-C372-419B-975E-2379A5EEDC4E} = {827E0CD3-B72D-47B6-A68D-7590B98EB39B}
		{4530906A-CFBA-4C1A-AC7D-B3525974C020} = {827E0CD3-B72D-47B6-A68D-7590B98EB39B}
		{942E39EC-2DFC-45EA-96D1-AFA207F28101} = {827E0CD3-B72D-47B6-A68D-7590B98EB39B}
		{FC84F0F9-2648-4C77-B577-2A2A175F456D} = {0AB3BF05-4346-4AA6-1389-037BE0695223}
	EndGlobalSection
EndGlobal
