
Microsoft Visual Studio Solution File, Format Version 12.00
# Blend for Visual Studio Version 18
VisualStudioVersion = 18.3.11415.281
MinimumVisualStudioVersion = 10.0.40219.1
Project("{9A19103F-16F7-4668-BE54-9A1E7A4F7556}") = "NimBus.Core", "NimBus.Core\NimBus.Core.csproj", "{8386E88A-CE67-4582-8C24-57B3FE0CA255}"
EndProject
Project("{9A19103F-16F7-4668-BE54-9A1E7A4F7556}") = "NimBus.SDK", "NimBus.SDK\NimBus.SDK.csproj", "{9DF50918-F3BD-4DBA-9305-3558E51A5967}"
EndProject
Project("{9A19103F-16F7-4668-BE54-9A1E7A4F7556}") = "NimBus.ServiceBus", "NimBus.ServiceBus\NimBus.ServiceBus.csproj", "{19919D13-651D-4319-9BE3-2931DF3B1529}"
EndProject
Project("{9A19103F-16F7-4668-BE54-9A1E7A4F7556}") = "NimBus.Resolver", "NimBus.Resolver\NimBus.Resolver.csproj", "{89B2056D-CA10-4961-A7E9-C993155F9788}"
EndProject
Project("{9A19103F-16F7-4668-BE54-9A1E7A4F7556}") = "NimBus.MessageStore", "NimBus.MessageStore\NimBus.MessageStore.csproj", "{4C6E549B-115E-4765-9AF7-1F29D9E81AF0}"
EndProject
Project("{9A19103F-16F7-4668-BE54-9A1E7A4F7556}") = "NimBus.Management.ServiceBus", "NimBus.Management.ServiceBus\NimBus.Management.ServiceBus.csproj", "{AA2FC679-59BC-4184-B76C-22B5390C9A3B}"
EndProject
Project("{FAE04EC0-301F-11D3-BF4B-00C04F79EFBC}") = "NimBus.ServiceDefaults", "NimBus.ServiceDefaults\NimBus.ServiceDefaults.csproj", "{A5A006C9-8AB9-4CB5-A670-5870366B1A6E}"
EndProject
Project("{FAE04EC0-301F-11D3-BF4B-00C04F79EFBC}") = "NimBus.AppHost", "NimBus.AppHost\NimBus.AppHost.csproj", "{0D0B3780-7968-435B-AFFF-DBDF34DFD506}"
EndProject
Project("{FAE04EC0-301F-11D3-BF4B-00C04F79EFBC}") = "NimBus.WebApp", "NimBus.WebApp\NimBus.WebApp.csproj", "{4338962C-61F5-40E8-BC72-A2C1FC41B3B2}"
EndProject
Project("{FAE04EC0-301F-11D3-BF4B-00C04F79EFBC}") = "NimBus.Abstractions", "NimBus.Abstractions\NimBus.Abstractions.csproj", "{916513C5-0751-4A2D-D97E-9E88374F1D9D}"
EndProject
Project("{9A19103F-16F7-4668-BE54-9A1E7A4F7556}") = "NimBus", "NimBus\NimBus.csproj", "{C0E5AA6F-5F7F-4A5F-B2EF-9A24B9C2F7F1}"
EndProject
Project("{FAE04EC0-301F-11D3-BF4B-00C04F79EFBC}") = "NimBus.CommandLine", "NimBus.CommandLine\NimBus.CommandLine.csproj", "{A6982A4E-A120-44E8-BF24-0E6C7BB78FE6}"
EndProject
Project("{FAE04EC0-301F-11D3-BF4B-00C04F79EFBC}") = "NimBus.CommandLine.Tests", "..\tests\NimBus.CommandLine.Tests\NimBus.CommandLine.Tests.csproj", "{341A85EF-864F-4FD8-BEC7-107C596C7334}"
EndProject
Global
	GlobalSection(SolutionConfigurationPlatforms) = preSolution
		Debug|Any CPU = Debug|Any CPU
		Debug|x64 = Debug|x64
		Debug|x86 = Debug|x86
		Release|Any CPU = Release|Any CPU
		Release|x64 = Release|x64
		Release|x86 = Release|x86
	EndGlobalSection
	GlobalSection(ProjectConfigurationPlatforms) = postSolution
		{8386E88A-CE67-4582-8C24-57B3FE0CA255}.Debug|Any CPU.ActiveCfg = Debug|Any CPU
		{8386E88A-CE67-4582-8C24-57B3FE0CA255}.Debug|Any CPU.Build.0 = Debug|Any CPU
		{8386E88A-CE67-4582-8C24-57B3FE0CA255}.Debug|x64.ActiveCfg = Debug|Any CPU
		{8386E88A-CE67-4582-8C24-57B3FE0CA255}.Debug|x64.Build.0 = Debug|Any CPU
		{8386E88A-CE67-4582-8C24-57B3FE0CA255}.Debug|x86.ActiveCfg = Debug|Any CPU
		{8386E88A-CE67-4582-8C24-57B3FE0CA255}.Debug|x86.Build.0 = Debug|Any CPU
		{8386E88A-CE67-4582-8C24-57B3FE0CA255}.Release|Any CPU.ActiveCfg = Release|Any CPU
		{8386E88A-CE67-4582-8C24-57B3FE0CA255}.Release|Any CPU.Build.0 = Release|Any CPU
		{8386E88A-CE67-4582-8C24-57B3FE0CA255}.Release|x64.ActiveCfg = Release|Any CPU
		{8386E88A-CE67-4582-8C24-57B3FE0CA255}.Release|x64.Build.0 = Release|Any CPU
		{8386E88A-CE67-4582-8C24-57B3FE0CA255}.Release|x86.ActiveCfg = Release|Any CPU
		{8386E88A-CE67-4582-8C24-57B3FE0CA255}.Release|x86.Build.0 = Release|Any CPU
		{9DF50918-F3BD-4DBA-9305-3558E51A5967}.Debug|Any CPU.ActiveCfg = Debug|Any CPU
		{9DF50918-F3BD-4DBA-9305-3558E51A5967}.Debug|Any CPU.Build.0 = Debug|Any CPU
		{9DF50918-F3BD-4DBA-9305-3558E51A5967}.Debug|x64.ActiveCfg = Debug|Any CPU
		{9DF50918-F3BD-4DBA-9305-3558E51A5967}.Debug|x64.Build.0 = Debug|Any CPU
		{9DF50918-F3BD-4DBA-9305-3558E51A5967}.Debug|x86.ActiveCfg = Debug|Any CPU
		{9DF50918-F3BD-4DBA-9305-3558E51A5967}.Debug|x86.Build.0 = Debug|Any CPU
		{9DF50918-F3BD-4DBA-9305-3558E51A5967}.Release|Any CPU.ActiveCfg = Release|Any CPU
		{9DF50918-F3BD-4DBA-9305-3558E51A5967}.Release|Any CPU.Build.0 = Release|Any CPU
		{9DF50918-F3BD-4DBA-9305-3558E51A5967}.Release|x64.ActiveCfg = Release|Any CPU
		{9DF50918-F3BD-4DBA-9305-3558E51A5967}.Release|x64.Build.0 = Release|Any CPU
		{9DF50918-F3BD-4DBA-9305-3558E51A5967}.Release|x86.ActiveCfg = Release|Any CPU
		{9DF50918-F3BD-4DBA-9305-3558E51A5967}.Release|x86.Build.0 = Release|Any CPU
		{19919D13-651D-4319-9BE3-2931DF3B1529}.Debug|Any CPU.ActiveCfg = Debug|Any CPU
		{19919D13-651D-4319-9BE3-2931DF3B1529}.Debug|Any CPU.Build.0 = Debug|Any CPU
		{19919D13-651D-4319-9BE3-2931DF3B1529}.Debug|x64.ActiveCfg = Debug|Any CPU
		{19919D13-651D-4319-9BE3-2931DF3B1529}.Debug|x64.Build.0 = Debug|Any CPU
		{19919D13-651D-4319-9BE3-2931DF3B1529}.Debug|x86.ActiveCfg = Debug|Any CPU
		{19919D13-651D-4319-9BE3-2931DF3B1529}.Debug|x86.Build.0 = Debug|Any CPU
		{19919D13-651D-4319-9BE3-2931DF3B1529}.Release|Any CPU.ActiveCfg = Release|Any CPU
		{19919D13-651D-4319-9BE3-2931DF3B1529}.Release|Any CPU.Build.0 = Release|Any CPU
		{19919D13-651D-4319-9BE3-2931DF3B1529}.Release|x64.ActiveCfg = Release|Any CPU
		{19919D13-651D-4319-9BE3-2931DF3B1529}.Release|x64.Build.0 = Release|Any CPU
		{19919D13-651D-4319-9BE3-2931DF3B1529}.Release|x86.ActiveCfg = Release|Any CPU
		{19919D13-651D-4319-9BE3-2931DF3B1529}.Release|x86.Build.0 = Release|Any CPU
		{89B2056D-CA10-4961-A7E9-C993155F9788}.Debug|Any CPU.ActiveCfg = Debug|Any CPU
		{89B2056D-CA10-4961-A7E9-C993155F9788}.Debug|Any CPU.Build.0 = Debug|Any CPU
		{89B2056D-CA10-4961-A7E9-C993155F9788}.Debug|x64.ActiveCfg = Debug|Any CPU
		{89B2056D-CA10-4961-A7E9-C993155F9788}.Debug|x64.Build.0 = Debug|Any CPU
		{89B2056D-CA10-4961-A7E9-C993155F9788}.Debug|x86.ActiveCfg = Debug|Any CPU
		{89B2056D-CA10-4961-A7E9-C993155F9788}.Debug|x86.Build.0 = Debug|Any CPU
		{89B2056D-CA10-4961-A7E9-C993155F9788}.Release|Any CPU.ActiveCfg = Release|Any CPU
		{89B2056D-CA10-4961-A7E9-C993155F9788}.Release|Any CPU.Build.0 = Release|Any CPU
		{89B2056D-CA10-4961-A7E9-C993155F9788}.Release|x64.ActiveCfg = Release|Any CPU
		{89B2056D-CA10-4961-A7E9-C993155F9788}.Release|x64.Build.0 = Release|Any CPU
		{89B2056D-CA10-4961-A7E9-C993155F9788}.Release|x86.ActiveCfg = Release|Any CPU
		{89B2056D-CA10-4961-A7E9-C993155F9788}.Release|x86.Build.0 = Release|Any CPU
		{4C6E549B-115E-4765-9AF7-1F29D9E81AF0}.Debug|Any CPU.ActiveCfg = Debug|Any CPU
		{4C6E549B-115E-4765-9AF7-1F29D9E81AF0}.Debug|Any CPU.Build.0 = Debug|Any CPU
		{4C6E549B-115E-4765-9AF7-1F29D9E81AF0}.Debug|x64.ActiveCfg = Debug|Any CPU
		{4C6E549B-115E-4765-9AF7-1F29D9E81AF0}.Debug|x64.Build.0 = Debug|Any CPU
		{4C6E549B-115E-4765-9AF7-1F29D9E81AF0}.Debug|x86.ActiveCfg = Debug|Any CPU
		{4C6E549B-115E-4765-9AF7-1F29D9E81AF0}.Debug|x86.Build.0 = Debug|Any CPU
		{4C6E549B-115E-4765-9AF7-1F29D9E81AF0}.Release|Any CPU.ActiveCfg = Release|Any CPU
		{4C6E549B-115E-4765-9AF7-1F29D9E81AF0}.Release|Any CPU.Build.0 = Release|Any CPU
		{4C6E549B-115E-4765-9AF7-1F29D9E81AF0}.Release|x64.ActiveCfg = Release|Any CPU
		{4C6E549B-115E-4765-9AF7-1F29D9E81AF0}.Release|x64.Build.0 = Release|Any CPU
		{4C6E549B-115E-4765-9AF7-1F29D9E81AF0}.Release|x86.ActiveCfg = Release|Any CPU
		{4C6E549B-115E-4765-9AF7-1F29D9E81AF0}.Release|x86.Build.0 = Release|Any CPU
		{AA2FC679-59BC-4184-B76C-22B5390C9A3B}.Debug|Any CPU.ActiveCfg = Debug|Any CPU
		{AA2FC679-59BC-4184-B76C-22B5390C9A3B}.Debug|Any CPU.Build.0 = Debug|Any CPU
		{AA2FC679-59BC-4184-B76C-22B5390C9A3B}.Debug|x64.ActiveCfg = Debug|Any CPU
		{AA2FC679-59BC-4184-B76C-22B5390C9A3B}.Debug|x64.Build.0 = Debug|Any CPU
		{AA2FC679-59BC-4184-B76C-22B5390C9A3B}.Debug|x86.ActiveCfg = Debug|Any CPU
		{AA2FC679-59BC-4184-B76C-22B5390C9A3B}.Debug|x86.Build.0 = Debug|Any CPU
		{AA2FC679-59BC-4184-B76C-22B5390C9A3B}.Release|Any CPU.ActiveCfg = Release|Any CPU
		{AA2FC679-59BC-4184-B76C-22B5390C9A3B}.Release|Any CPU.Build.0 = Release|Any CPU
		{AA2FC679-59BC-4184-B76C-22B5390C9A3B}.Release|x64.ActiveCfg = Release|Any CPU
		{AA2FC679-59BC-4184-B76C-22B5390C9A3B}.Release|x64.Build.0 = Release|Any CPU
		{AA2FC679-59BC-4184-B76C-22B5390C9A3B}.Release|x86.ActiveCfg = Release|Any CPU
		{AA2FC679-59BC-4184-B76C-22B5390C9A3B}.Release|x86.Build.0 = Release|Any CPU
		{A5A006C9-8AB9-4CB5-A670-5870366B1A6E}.Debug|Any CPU.ActiveCfg = Debug|Any CPU
		{A5A006C9-8AB9-4CB5-A670-5870366B1A6E}.Debug|Any CPU.Build.0 = Debug|Any CPU
		{A5A006C9-8AB9-4CB5-A670-5870366B1A6E}.Debug|x64.ActiveCfg = Debug|Any CPU
		{A5A006C9-8AB9-4CB5-A670-5870366B1A6E}.Debug|x64.Build.0 = Debug|Any CPU
		{A5A006C9-8AB9-4CB5-A670-5870366B1A6E}.Debug|x86.ActiveCfg = Debug|Any CPU
		{A5A006C9-8AB9-4CB5-A670-5870366B1A6E}.Debug|x86.Build.0 = Debug|Any CPU
		{A5A006C9-8AB9-4CB5-A670-5870366B1A6E}.Release|Any CPU.ActiveCfg = Release|Any CPU
		{A5A006C9-8AB9-4CB5-A670-5870366B1A6E}.Release|Any CPU.Build.0 = Release|Any CPU
		{A5A006C9-8AB9-4CB5-A670-5870366B1A6E}.Release|x64.ActiveCfg = Release|Any CPU
		{A5A006C9-8AB9-4CB5-A670-5870366B1A6E}.Release|x64.Build.0 = Release|Any CPU
		{A5A006C9-8AB9-4CB5-A670-5870366B1A6E}.Release|x86.ActiveCfg = Release|Any CPU
		{A5A006C9-8AB9-4CB5-A670-5870366B1A6E}.Release|x86.Build.0 = Release|Any CPU
		{0D0B3780-7968-435B-AFFF-DBDF34DFD506}.Debug|Any CPU.ActiveCfg = Debug|Any CPU
		{0D0B3780-7968-435B-AFFF-DBDF34DFD506}.Debug|Any CPU.Build.0 = Debug|Any CPU
		{0D0B3780-7968-435B-AFFF-DBDF34DFD506}.Debug|x64.ActiveCfg = Debug|Any CPU
		{0D0B3780-7968-435B-AFFF-DBDF34DFD506}.Debug|x64.Build.0 = Debug|Any CPU
		{0D0B3780-7968-435B-AFFF-DBDF34DFD506}.Debug|x86.ActiveCfg = Debug|Any CPU
		{0D0B3780-7968-435B-AFFF-DBDF34DFD506}.Debug|x86.Build.0 = Debug|Any CPU
		{0D0B3780-7968-435B-AFFF-DBDF34DFD506}.Release|Any CPU.ActiveCfg = Release|Any CPU
		{0D0B3780-7968-435B-AFFF-DBDF34DFD506}.Release|Any CPU.Build.0 = Release|Any CPU
		{0D0B3780-7968-435B-AFFF-DBDF34DFD506}.Release|x64.ActiveCfg = Release|Any CPU
		{0D0B3780-7968-435B-AFFF-DBDF34DFD506}.Release|x64.Build.0 = Release|Any CPU
		{0D0B3780-7968-435B-AFFF-DBDF34DFD506}.Release|x86.ActiveCfg = Release|Any CPU
		{0D0B3780-7968-435B-AFFF-DBDF34DFD506}.Release|x86.Build.0 = Release|Any CPU
		{4338962C-61F5-40E8-BC72-A2C1FC41B3B2}.Debug|Any CPU.ActiveCfg = Debug|Any CPU
		{4338962C-61F5-40E8-BC72-A2C1FC41B3B2}.Debug|Any CPU.Build.0 = Debug|Any CPU
		{4338962C-61F5-40E8-BC72-A2C1FC41B3B2}.Debug|x64.ActiveCfg = Debug|Any CPU
		{4338962C-61F5-40E8-BC72-A2C1FC41B3B2}.Debug|x64.Build.0 = Debug|Any CPU
		{4338962C-61F5-40E8-BC72-A2C1FC41B3B2}.Debug|x86.ActiveCfg = Debug|Any CPU
		{4338962C-61F5-40E8-BC72-A2C1FC41B3B2}.Debug|x86.Build.0 = Debug|Any CPU
		{4338962C-61F5-40E8-BC72-A2C1FC41B3B2}.Release|Any CPU.ActiveCfg = Release|Any CPU
		{4338962C-61F5-40E8-BC72-A2C1FC41B3B2}.Release|Any CPU.Build.0 = Release|Any CPU
		{4338962C-61F5-40E8-BC72-A2C1FC41B3B2}.Release|x64.ActiveCfg = Release|Any CPU
		{4338962C-61F5-40E8-BC72-A2C1FC41B3B2}.Release|x64.Build.0 = Release|Any CPU
		{4338962C-61F5-40E8-BC72-A2C1FC41B3B2}.Release|x86.ActiveCfg = Release|Any CPU
		{4338962C-61F5-40E8-BC72-A2C1FC41B3B2}.Release|x86.Build.0 = Release|Any CPU
		{916513C5-0751-4A2D-D97E-9E88374F1D9D}.Debug|Any CPU.ActiveCfg = Debug|Any CPU
		{916513C5-0751-4A2D-D97E-9E88374F1D9D}.Debug|Any CPU.Build.0 = Debug|Any CPU
		{916513C5-0751-4A2D-D97E-9E88374F1D9D}.Debug|x64.ActiveCfg = Debug|Any CPU
		{916513C5-0751-4A2D-D97E-9E88374F1D9D}.Debug|x64.Build.0 = Debug|Any CPU
		{916513C5-0751-4A2D-D97E-9E88374F1D9D}.Debug|x86.ActiveCfg = Debug|Any CPU
		{916513C5-0751-4A2D-D97E-9E88374F1D9D}.Debug|x86.Build.0 = Debug|Any CPU
		{916513C5-0751-4A2D-D97E-9E88374F1D9D}.Release|Any CPU.ActiveCfg = Release|Any CPU
		{916513C5-0751-4A2D-D97E-9E88374F1D9D}.Release|Any CPU.Build.0 = Release|Any CPU
		{916513C5-0751-4A2D-D97E-9E88374F1D9D}.Release|x64.ActiveCfg = Release|Any CPU
		{916513C5-0751-4A2D-D97E-9E88374F1D9D}.Release|x64.Build.0 = Release|Any CPU
		{916513C5-0751-4A2D-D97E-9E88374F1D9D}.Release|x86.ActiveCfg = Release|Any CPU
		{916513C5-0751-4A2D-D97E-9E88374F1D9D}.Release|x86.Build.0 = Release|Any CPU
		{C0E5AA6F-5F7F-4A5F-B2EF-9A24B9C2F7F1}.Debug|Any CPU.ActiveCfg = Debug|Any CPU
		{C0E5AA6F-5F7F-4A5F-B2EF-9A24B9C2F7F1}.Debug|Any CPU.Build.0 = Debug|Any CPU
		{C0E5AA6F-5F7F-4A5F-B2EF-9A24B9C2F7F1}.Debug|x64.ActiveCfg = Debug|Any CPU
		{C0E5AA6F-5F7F-4A5F-B2EF-9A24B9C2F7F1}.Debug|x64.Build.0 = Debug|Any CPU
		{C0E5AA6F-5F7F-4A5F-B2EF-9A24B9C2F7F1}.Debug|x86.ActiveCfg = Debug|Any CPU
		{C0E5AA6F-5F7F-4A5F-B2EF-9A24B9C2F7F1}.Debug|x86.Build.0 = Debug|Any CPU
		{C0E5AA6F-5F7F-4A5F-B2EF-9A24B9C2F7F1}.Release|Any CPU.ActiveCfg = Release|Any CPU
		{C0E5AA6F-5F7F-4A5F-B2EF-9A24B9C2F7F1}.Release|Any CPU.Build.0 = Release|Any CPU
		{C0E5AA6F-5F7F-4A5F-B2EF-9A24B9C2F7F1}.Release|x64.ActiveCfg = Release|Any CPU
		{C0E5AA6F-5F7F-4A5F-B2EF-9A24B9C2F7F1}.Release|x64.Build.0 = Release|Any CPU
		{C0E5AA6F-5F7F-4A5F-B2EF-9A24B9C2F7F1}.Release|x86.ActiveCfg = Release|Any CPU
		{C0E5AA6F-5F7F-4A5F-B2EF-9A24B9C2F7F1}.Release|x86.Build.0 = Release|Any CPU
		{A6982A4E-A120-44E8-BF24-0E6C7BB78FE6}.Debug|Any CPU.ActiveCfg = Debug|Any CPU
		{A6982A4E-A120-44E8-BF24-0E6C7BB78FE6}.Debug|Any CPU.Build.0 = Debug|Any CPU
		{A6982A4E-A120-44E8-BF24-0E6C7BB78FE6}.Debug|x64.ActiveCfg = Debug|Any CPU
		{A6982A4E-A120-44E8-BF24-0E6C7BB78FE6}.Debug|x64.Build.0 = Debug|Any CPU
		{A6982A4E-A120-44E8-BF24-0E6C7BB78FE6}.Debug|x86.ActiveCfg = Debug|Any CPU
		{A6982A4E-A120-44E8-BF24-0E6C7BB78FE6}.Debug|x86.Build.0 = Debug|Any CPU
		{A6982A4E-A120-44E8-BF24-0E6C7BB78FE6}.Release|Any CPU.ActiveCfg = Release|Any CPU
		{A6982A4E-A120-44E8-BF24-0E6C7BB78FE6}.Release|Any CPU.Build.0 = Release|Any CPU
		{A6982A4E-A120-44E8-BF24-0E6C7BB78FE6}.Release|x64.ActiveCfg = Release|Any CPU
		{A6982A4E-A120-44E8-BF24-0E6C7BB78FE6}.Release|x64.Build.0 = Release|Any CPU
		{A6982A4E-A120-44E8-BF24-0E6C7BB78FE6}.Release|x86.ActiveCfg = Release|Any CPU
		{A6982A4E-A120-44E8-BF24-0E6C7BB78FE6}.Release|x86.Build.0 = Release|Any CPU
		{341A85EF-864F-4FD8-BEC7-107C596C7334}.Debug|Any CPU.ActiveCfg = Debug|Any CPU
		{341A85EF-864F-4FD8-BEC7-107C596C7334}.Debug|Any CPU.Build.0 = Debug|Any CPU
		{341A85EF-864F-4FD8-BEC7-107C596C7334}.Debug|x64.ActiveCfg = Debug|Any CPU
		{341A85EF-864F-4FD8-BEC7-107C596C7334}.Debug|x64.Build.0 = Debug|Any CPU
		{341A85EF-864F-4FD8-BEC7-107C596C7334}.Debug|x86.ActiveCfg = Debug|Any CPU
		{341A85EF-864F-4FD8-BEC7-107C596C7334}.Debug|x86.Build.0 = Debug|Any CPU
		{341A85EF-864F-4FD8-BEC7-107C596C7334}.Release|Any CPU.ActiveCfg = Release|Any CPU
		{341A85EF-864F-4FD8-BEC7-107C596C7334}.Release|Any CPU.Build.0 = Release|Any CPU
		{341A85EF-864F-4FD8-BEC7-107C596C7334}.Release|x64.ActiveCfg = Release|Any CPU
		{341A85EF-864F-4FD8-BEC7-107C596C7334}.Release|x64.Build.0 = Release|Any CPU
		{341A85EF-864F-4FD8-BEC7-107C596C7334}.Release|x86.ActiveCfg = Release|Any CPU
		{341A85EF-864F-4FD8-BEC7-107C596C7334}.Release|x86.Build.0 = Release|Any CPU
	EndGlobalSection
	GlobalSection(SolutionProperties) = preSolution
		HideSolutionNode = FALSE
	EndGlobalSection
	GlobalSection(ExtensibilityGlobals) = postSolution
		SolutionGuid = {58272779-594B-49E5-BA62-CBA32A55D9BA}
	EndGlobalSection
EndGlobal
